
Microsoft Visual Studio Solution File, Format Version 12.00
# Visual Studio Version 16
VisualStudioVersion = 16.0.30114.105
MinimumVisualStudioVersion = 10.0.40219.1
Project("{FAE04EC0-301F-11D3-BF4B-00C04F79EFBC}") = "Ultima.Extensions.CommandLine", "Ultima.Extensions.CommandLine\Ultima.Extensions.CommandLine.csproj", "{0E0EF3EA-C473-4804-A437-0699EA867A6E}"
EndProject
Project("{FAE04EC0-301F-11D3-BF4B-00C04F79EFBC}") = "Ultima.Extensions.CommandLine.Tests", "Ultima.Extensions.CommandLine.Tests\Ultima.Extensions.CommandLine.Tests.csproj", "{A09D0D11-F314-4A99-9302-34D6D21AFD59}"
EndProject
Project("{FAE04EC0-301F-11D3-BF4B-00C04F79EFBC}") = "Ultima.Extensions.Currency", "Ultima.Extensions.Currency\Ultima.Extensions.Currency.csproj", "{A0DEC66A-2A07-4F5A-AD2C-A866156FCC99}"
EndProject
Project("{FAE04EC0-301F-11D3-BF4B-00C04F79EFBC}") = "Ultima.Extensions.Currency.Tests", "Ultima.Extensions.Currency.Tests\Ultima.Extensions.Currency.Tests.csproj", "{606F559D-1389-44CF-AED4-2607F580B445}"
EndProject
Project("{FAE04EC0-301F-11D3-BF4B-00C04F79EFBC}") = "Ultima.Extensions.Collections", "Ultima.Extensions.Collections\Ultima.Extensions.Collections.csproj", "{E3C1D38B-89EE-4A3E-8F68-47C1FCFBDD1D}"
EndProject
Project("{FAE04EC0-301F-11D3-BF4B-00C04F79EFBC}") = "Ultima.Extensions.Collections.Tests", "Ultima.Extensions.Collections.Tests\Ultima.Extensions.Collections.Tests.csproj", "{75784004-B196-4B65-AB5A-11B283A9ABE5}"
EndProject
Project("{FAE04EC0-301F-11D3-BF4B-00C04F79EFBC}") = "Ultima.Extensions.Security", "Ultima.Extensions.Security\Ultima.Extensions.Security.csproj", "{E8917992-DB38-49B5-9EA6-B236AC2B9FC9}"
EndProject
Project("{FAE04EC0-301F-11D3-BF4B-00C04F79EFBC}") = "Ultima.Extensions.Security.Tests", "Ultima.Extensions.Security.Tests\Ultima.Extensions.Security.Tests.csproj", "{4794644E-E298-4BBA-AA2D-C55EA7C5852B}"
EndProject
Project("{FAE04EC0-301F-11D3-BF4B-00C04F79EFBC}") = "Ultima.Extensions.Json", "Ultima.Extensions.Json\Ultima.Extensions.Json.csproj", "{155195E2-D30A-4047-A8A7-D7526B3CB62B}"
EndProject
Project("{FAE04EC0-301F-11D3-BF4B-00C04F79EFBC}") = "Ultima.Extensions.Json.Tests", "Ultima.Extensions.Json.Tests\Ultima.Extensions.Json.Tests.csproj", "{F51315B3-4F42-442D-8A17-83741203B2D3}"
EndProject
Project("{FAE04EC0-301F-11D3-BF4B-00C04F79EFBC}") = "Ultima.Extensions.Primitives", "Ultima.Extensions.Primitives\Ultima.Extensions.Primitives.csproj", "{B678C1C9-D01B-4FA0-8F34-FD0788FBBBA3}"
EndProject
Project("{FAE04EC0-301F-11D3-BF4B-00C04F79EFBC}") = "Ultima.Extensions.Primitives.Tests", "Ultima.Extensions.Primitives.Tests\Ultima.Extensions.Primitives.Tests.csproj", "{9A093555-6C99-4B48-8B78-40612103F438}"
EndProject
Global
	GlobalSection(SolutionConfigurationPlatforms) = preSolution
		Debug|Any CPU = Debug|Any CPU
		Release|Any CPU = Release|Any CPU
	EndGlobalSection
	GlobalSection(SolutionProperties) = preSolution
		HideSolutionNode = FALSE
	EndGlobalSection
	GlobalSection(ProjectConfigurationPlatforms) = postSolution
		{0E0EF3EA-C473-4804-A437-0699EA867A6E}.Debug|Any CPU.ActiveCfg = Debug|Any CPU
		{0E0EF3EA-C473-4804-A437-0699EA867A6E}.Debug|Any CPU.Build.0 = Debug|Any CPU
		{0E0EF3EA-C473-4804-A437-0699EA867A6E}.Release|Any CPU.ActiveCfg = Release|Any CPU
		{0E0EF3EA-C473-4804-A437-0699EA867A6E}.Release|Any CPU.Build.0 = Release|Any CPU
		{A09D0D11-F314-4A99-9302-34D6D21AFD59}.Debug|Any CPU.ActiveCfg = Debug|Any CPU
		{A09D0D11-F314-4A99-9302-34D6D21AFD59}.Debug|Any CPU.Build.0 = Debug|Any CPU
		{A09D0D11-F314-4A99-9302-34D6D21AFD59}.Release|Any CPU.ActiveCfg = Release|Any CPU
		{A09D0D11-F314-4A99-9302-34D6D21AFD59}.Release|Any CPU.Build.0 = Release|Any CPU
		{A0DEC66A-2A07-4F5A-AD2C-A866156FCC99}.Debug|Any CPU.ActiveCfg = Debug|Any CPU
		{A0DEC66A-2A07-4F5A-AD2C-A866156FCC99}.Debug|Any CPU.Build.0 = Debug|Any CPU
		{A0DEC66A-2A07-4F5A-AD2C-A866156FCC99}.Release|Any CPU.ActiveCfg = Release|Any CPU
		{A0DEC66A-2A07-4F5A-AD2C-A866156FCC99}.Release|Any CPU.Build.0 = Release|Any CPU
		{606F559D-1389-44CF-AED4-2607F580B445}.Debug|Any CPU.ActiveCfg = Debug|Any CPU
		{606F559D-1389-44CF-AED4-2607F580B445}.Debug|Any CPU.Build.0 = Debug|Any CPU
		{606F559D-1389-44CF-AED4-2607F580B445}.Release|Any CPU.ActiveCfg = Release|Any CPU
		{606F559D-1389-44CF-AED4-2607F580B445}.Release|Any CPU.Build.0 = Release|Any CPU
		{E3C1D38B-89EE-4A3E-8F68-47C1FCFBDD1D}.Debug|Any CPU.ActiveCfg = Debug|Any CPU
		{E3C1D38B-89EE-4A3E-8F68-47C1FCFBDD1D}.Debug|Any CPU.Build.0 = Debug|Any CPU
		{E3C1D38B-89EE-4A3E-8F68-47C1FCFBDD1D}.Release|Any CPU.ActiveCfg = Release|Any CPU
		{E3C1D38B-89EE-4A3E-8F68-47C1FCFBDD1D}.Release|Any CPU.Build.0 = Release|Any CPU
		{75784004-B196-4B65-AB5A-11B283A9ABE5}.Debug|Any CPU.ActiveCfg = Debug|Any CPU
		{75784004-B196-4B65-AB5A-11B283A9ABE5}.Debug|Any CPU.Build.0 = Debug|Any CPU
		{75784004-B196-4B65-AB5A-11B283A9ABE5}.Release|Any CPU.ActiveCfg = Release|Any CPU
		{75784004-B196-4B65-AB5A-11B283A9ABE5}.Release|Any CPU.Build.0 = Release|Any CPU
		{E8917992-DB38-49B5-9EA6-B236AC2B9FC9}.Debug|Any CPU.ActiveCfg = Debug|Any CPU
		{E8917992-DB38-49B5-9EA6-B236AC2B9FC9}.Debug|Any CPU.Build.0 = Debug|Any CPU
		{E8917992-DB38-49B5-9EA6-B236AC2B9FC9}.Release|Any CPU.ActiveCfg = Release|Any CPU
		{E8917992-DB38-49B5-9EA6-B236AC2B9FC9}.Release|Any CPU.Build.0 = Release|Any CPU
		{4794644E-E298-4BBA-AA2D-C55EA7C5852B}.Debug|Any CPU.ActiveCfg = Debug|Any CPU
		{4794644E-E298-4BBA-AA2D-C55EA7C5852B}.Debug|Any CPU.Build.0 = Debug|Any CPU
		{4794644E-E298-4BBA-AA2D-C55EA7C5852B}.Release|Any CPU.ActiveCfg = Release|Any CPU
		{4794644E-E298-4BBA-AA2D-C55EA7C5852B}.Release|Any CPU.Build.0 = Release|Any CPU
		{155195E2-D30A-4047-A8A7-D7526B3CB62B}.Debug|Any CPU.ActiveCfg = Debug|Any CPU
		{155195E2-D30A-4047-A8A7-D7526B3CB62B}.Debug|Any CPU.Build.0 = Debug|Any CPU
		{155195E2-D30A-4047-A8A7-D7526B3CB62B}.Release|Any CPU.ActiveCfg = Release|Any CPU
		{155195E2-D30A-4047-A8A7-D7526B3CB62B}.Release|Any CPU.Build.0 = Release|Any CPU
		{F51315B3-4F42-442D-8A17-83741203B2D3}.Debug|Any CPU.ActiveCfg = Debug|Any CPU
		{F51315B3-4F42-442D-8A17-83741203B2D3}.Debug|Any CPU.Build.0 = Debug|Any CPU
		{F51315B3-4F42-442D-8A17-83741203B2D3}.Release|Any CPU.ActiveCfg = Release|Any CPU
		{F51315B3-4F42-442D-8A17-83741203B2D3}.Release|Any CPU.Build.0 = Release|Any CPU
		{B678C1C9-D01B-4FA0-8F34-FD0788FBBBA3}.Debug|Any CPU.ActiveCfg = Debug|Any CPU
		{B678C1C9-D01B-4FA0-8F34-FD0788FBBBA3}.Debug|Any CPU.Build.0 = Debug|Any CPU
		{B678C1C9-D01B-4FA0-8F34-FD0788FBBBA3}.Release|Any CPU.ActiveCfg = Release|Any CPU
		{B678C1C9-D01B-4FA0-8F34-FD0788FBBBA3}.Release|Any CPU.Build.0 = Release|Any CPU
		{9A093555-6C99-4B48-8B78-40612103F438}.Debug|Any CPU.ActiveCfg = Debug|Any CPU
		{9A093555-6C99-4B48-8B78-40612103F438}.Debug|Any CPU.Build.0 = Debug|Any CPU
		{9A093555-6C99-4B48-8B78-40612103F438}.Release|Any CPU.ActiveCfg = Release|Any CPU
		{9A093555-6C99-4B48-8B78-40612103F438}.Release|Any CPU.Build.0 = Release|Any CPU
	EndGlobalSection
EndGlobal
